
Microsoft Visual Studio Solution File, Format Version 12.00
# Visual Studio 2017
Project("{FAE04EC0-301F-11D3-BF4B-00C04F79EFBC}") = "CS373-Lab-1-master", "CS373-Lab-1-master.csproj", "{DD756690-265A-F052-B97E-5752E0F68883}"
EndProject
Global
	GlobalSection(SolutionConfigurationPlatforms) = preSolution
		Debug|Any CPU = Debug|Any CPU
		Release|Any CPU = Release|Any CPU
	EndGlobalSection
	GlobalSection(ProjectConfigurationPlatforms) = postSolution
		{DD756690-265A-F052-B97E-5752E0F68883}.Debug|Any CPU.ActiveCfg = Debug|Any CPU
		{DD756690-265A-F052-B97E-5752E0F68883}.Debug|Any CPU.Build.0 = Debug|Any CPU
		{DD756690-265A-F052-B97E-5752E0F68883}.Release|Any CPU.ActiveCfg = Release|Any CPU
		{DD756690-265A-F052-B97E-5752E0F68883}.Release|Any CPU.Build.0 = Release|Any CPU
	EndGlobalSection
	GlobalSection(SolutionProperties) = preSolution
		HideSolutionNode = FALSE
	EndGlobalSection
EndGlobal
