
Microsoft Visual Studio Solution File, Format Version 12.00
# Visual Studio 2017
Project("{FAE04EC0-301F-11D3-BF4B-00C04F79EFBC}") = "Testing Unity 2D", "Testing Unity 2D.csproj", "{D13B6DE1-FB2D-3E85-7AB4-A4FB2E77C849}"
EndProject
Global
	GlobalSection(SolutionConfigurationPlatforms) = preSolution
		Debug|Any CPU = Debug|Any CPU
		Release|Any CPU = Release|Any CPU
	EndGlobalSection
	GlobalSection(ProjectConfigurationPlatforms) = postSolution
		{D13B6DE1-FB2D-3E85-7AB4-A4FB2E77C849}.Debug|Any CPU.ActiveCfg = Debug|Any CPU
		{D13B6DE1-FB2D-3E85-7AB4-A4FB2E77C849}.Debug|Any CPU.Build.0 = Debug|Any CPU
		{D13B6DE1-FB2D-3E85-7AB4-A4FB2E77C849}.Release|Any CPU.ActiveCfg = Release|Any CPU
		{D13B6DE1-FB2D-3E85-7AB4-A4FB2E77C849}.Release|Any CPU.Build.0 = Release|Any CPU
	EndGlobalSection
	GlobalSection(SolutionProperties) = preSolution
		HideSolutionNode = FALSE
	EndGlobalSection
EndGlobal
